
Microsoft Visual Studio Solution File, Format Version 12.00
Project("{FAE04EC0-301F-11D3-BF4B-00C04F79EFBC}") = "MinesweeperWPF", "MinesweeperWPF\MinesweeperWPF.csproj", "{4C8AD8E4-EED9-4845-9A8A-BA284638060A}"
EndProject
Global
	GlobalSection(SolutionConfigurationPlatforms) = preSolution
		Debug|Any CPU = Debug|Any CPU
		Release|Any CPU = Release|Any CPU
	EndGlobalSection
	GlobalSection(ProjectConfigurationPlatforms) = postSolution
		{4C8AD8E4-EED9-4845-9A8A-BA284638060A}.Debug|Any CPU.ActiveCfg = Debug|Any CPU
		{4C8AD8E4-EED9-4845-9A8A-BA284638060A}.Debug|Any CPU.Build.0 = Debug|Any CPU
		{4C8AD8E4-EED9-4845-9A8A-BA284638060A}.Release|Any CPU.ActiveCfg = Release|Any CPU
		{4C8AD8E4-EED9-4845-9A8A-BA284638060A}.Release|Any CPU.Build.0 = Release|Any CPU
	EndGlobalSection
EndGlobal
